
Microsoft Visual Studio Solution File, Format Version 12.00
# Visual Studio 15
VisualStudioVersion = 15.0.26228.9
MinimumVisualStudioVersion = 10.0.40219.1
Project("{FAE04EC0-301F-11D3-BF4B-00C04F79EFBC}") = "KSP_To_Boldly_Go", "KSP_To_Boldly_Go\KSP_To_Boldly_Go.csproj", "{4A149992-95B5-437E-B6DA-C22166137146}"
EndProject
Project("{FAE04EC0-301F-11D3-BF4B-00C04F79EFBC}") = "KSP_To_Boldly_Go.Common", "KSP_To_Boldly_Go.Common\KSP_To_Boldly_Go.Common.csproj", "{EB222025-6859-4AB3-A4FA-351642C63ADF}"
EndProject
Project("{FAE04EC0-301F-11D3-BF4B-00C04F79EFBC}") = "KSP_To_Boldly_Go.DependencyInjection", "KSP_To_Boldly_Go.DependencyInjection\KSP_To_Boldly_Go.DependencyInjection.csproj", "{8B67A6DF-F1CE-46E0-9261-7E55130B41E8}"
EndProject
Project("{FAE04EC0-301F-11D3-BF4B-00C04F79EFBC}") = "MaterialSkin", "MaterialSkin\MaterialSkin.csproj", "{8EB7611B-68CD-4B8B-987A-11717E2B250C}"
EndProject
Global
	GlobalSection(SolutionConfigurationPlatforms) = preSolution
		Debug|Any CPU = Debug|Any CPU
		Release|Any CPU = Release|Any CPU
	EndGlobalSection
	GlobalSection(ProjectConfigurationPlatforms) = postSolution
		{4A149992-95B5-437E-B6DA-C22166137146}.Debug|Any CPU.ActiveCfg = Debug|Any CPU
		{4A149992-95B5-437E-B6DA-C22166137146}.Debug|Any CPU.Build.0 = Debug|Any CPU
		{4A149992-95B5-437E-B6DA-C22166137146}.Release|Any CPU.ActiveCfg = Release|Any CPU
		{4A149992-95B5-437E-B6DA-C22166137146}.Release|Any CPU.Build.0 = Release|Any CPU
		{EB222025-6859-4AB3-A4FA-351642C63ADF}.Debug|Any CPU.ActiveCfg = Debug|Any CPU
		{EB222025-6859-4AB3-A4FA-351642C63ADF}.Debug|Any CPU.Build.0 = Debug|Any CPU
		{EB222025-6859-4AB3-A4FA-351642C63ADF}.Release|Any CPU.ActiveCfg = Release|Any CPU
		{EB222025-6859-4AB3-A4FA-351642C63ADF}.Release|Any CPU.Build.0 = Release|Any CPU
		{8B67A6DF-F1CE-46E0-9261-7E55130B41E8}.Debug|Any CPU.ActiveCfg = Debug|Any CPU
		{8B67A6DF-F1CE-46E0-9261-7E55130B41E8}.Debug|Any CPU.Build.0 = Debug|Any CPU
		{8B67A6DF-F1CE-46E0-9261-7E55130B41E8}.Release|Any CPU.ActiveCfg = Release|Any CPU
		{8B67A6DF-F1CE-46E0-9261-7E55130B41E8}.Release|Any CPU.Build.0 = Release|Any CPU
		{8EB7611B-68CD-4B8B-987A-11717E2B250C}.Debug|Any CPU.ActiveCfg = Debug|Any CPU
		{8EB7611B-68CD-4B8B-987A-11717E2B250C}.Debug|Any CPU.Build.0 = Debug|Any CPU
		{8EB7611B-68CD-4B8B-987A-11717E2B250C}.Release|Any CPU.ActiveCfg = Release|Any CPU
		{8EB7611B-68CD-4B8B-987A-11717E2B250C}.Release|Any CPU.Build.0 = Release|Any CPU
	EndGlobalSection
	GlobalSection(SolutionProperties) = preSolution
		HideSolutionNode = FALSE
	EndGlobalSection
	GlobalSection(ExtensibilityGlobals) = postSolution
		SolutionGuid = {29C5FB99-C3BE-4872-AFE1-EEDA7A0C002C}
	EndGlobalSection
EndGlobal
