
Microsoft Visual Studio Solution File, Format Version 12.00
# Visual Studio 14
VisualStudioVersion = 14.0.25420.1
MinimumVisualStudioVersion = 10.0.40219.1
Project("{FAE04EC0-301F-11D3-BF4B-00C04F79EFBC}") = "KSP_To_Boldly_Go", "KSP_To_Boldly_Go\KSP_To_Boldly_Go.csproj", "{4A149992-95B5-437E-B6DA-C22166137146}"
EndProject
Project("{FAE04EC0-301F-11D3-BF4B-00C04F79EFBC}") = "KSP_To_Boldly_Go_Common", "KSP_To_Boldly_Go_Common\KSP_To_Boldly_Go_Common.csproj", "{EB222025-6859-4AB3-A4FA-351642C63ADF}"
EndProject
Project("{FAE04EC0-301F-11D3-BF4B-00C04F79EFBC}") = "KSP_To_Boldly_Go_Test", "KSP_To_Boldly_Go_Test\KSP_To_Boldly_Go_Test.csproj", "{25731475-5729-4A47-80CE-4097DC31809D}"
EndProject
Global
	GlobalSection(SolutionConfigurationPlatforms) = preSolution
		Debug|Any CPU = Debug|Any CPU
		Release|Any CPU = Release|Any CPU
	EndGlobalSection
	GlobalSection(ProjectConfigurationPlatforms) = postSolution
		{4A149992-95B5-437E-B6DA-C22166137146}.Debug|Any CPU.ActiveCfg = Debug|Any CPU
		{4A149992-95B5-437E-B6DA-C22166137146}.Debug|Any CPU.Build.0 = Debug|Any CPU
		{4A149992-95B5-437E-B6DA-C22166137146}.Release|Any CPU.ActiveCfg = Release|Any CPU
		{4A149992-95B5-437E-B6DA-C22166137146}.Release|Any CPU.Build.0 = Release|Any CPU
		{EB222025-6859-4AB3-A4FA-351642C63ADF}.Debug|Any CPU.ActiveCfg = Debug|Any CPU
		{EB222025-6859-4AB3-A4FA-351642C63ADF}.Debug|Any CPU.Build.0 = Debug|Any CPU
		{EB222025-6859-4AB3-A4FA-351642C63ADF}.Release|Any CPU.ActiveCfg = Release|Any CPU
		{EB222025-6859-4AB3-A4FA-351642C63ADF}.Release|Any CPU.Build.0 = Release|Any CPU
		{25731475-5729-4A47-80CE-4097DC31809D}.Debug|Any CPU.ActiveCfg = Debug|Any CPU
		{25731475-5729-4A47-80CE-4097DC31809D}.Debug|Any CPU.Build.0 = Debug|Any CPU
		{25731475-5729-4A47-80CE-4097DC31809D}.Release|Any CPU.ActiveCfg = Release|Any CPU
		{25731475-5729-4A47-80CE-4097DC31809D}.Release|Any CPU.Build.0 = Release|Any CPU
	EndGlobalSection
	GlobalSection(SolutionProperties) = preSolution
		HideSolutionNode = FALSE
	EndGlobalSection
EndGlobal
